
Microsoft Visual Studio Solution File, Format Version 12.00
# Visual Studio Version 16
VisualStudioVersion = 16.0.30011.22
MinimumVisualStudioVersion = 10.0.40219.1
Project("{FAE04EC0-301F-11D3-BF4B-00C04F79EFBC}") = "Rozdział 2 - Program 4", "Rozdział 2 - Program 4.csproj", "{45B727B9-05BD-479A-9BCE-1DABE2A68CF0}"
EndProject
Global
	GlobalSection(SolutionConfigurationPlatforms) = preSolution
		Debug|Any CPU = Debug|Any CPU
		Release|Any CPU = Release|Any CPU
	EndGlobalSection
	GlobalSection(ProjectConfigurationPlatforms) = postSolution
		{45B727B9-05BD-479A-9BCE-1DABE2A68CF0}.Debug|Any CPU.ActiveCfg = Debug|Any CPU
		{45B727B9-05BD-479A-9BCE-1DABE2A68CF0}.Debug|Any CPU.Build.0 = Debug|Any CPU
		{45B727B9-05BD-479A-9BCE-1DABE2A68CF0}.Release|Any CPU.ActiveCfg = Release|Any CPU
		{45B727B9-05BD-479A-9BCE-1DABE2A68CF0}.Release|Any CPU.Build.0 = Release|Any CPU
	EndGlobalSection
	GlobalSection(SolutionProperties) = preSolution
		HideSolutionNode = FALSE
	EndGlobalSection
	GlobalSection(ExtensibilityGlobals) = postSolution
		SolutionGuid = {F5D38B9A-81B0-40DF-98C1-772C49D90918}
	EndGlobalSection
EndGlobal
